
Microsoft Visual Studio Solution File, Format Version 12.00
# Visual Studio Version 17
VisualStudioVersion = 17.9.34616.47
MinimumVisualStudioVersion = 10.0.40219.1
Project("{FAE04EC0-301F-11D3-BF4B-00C04F79EFBC}") = "GroupAnagrams", "GroupAnagrams\GroupAnagrams.csproj", "{7DBE5BF7-18EA-4D77-9A35-C7012E4ECB9B}"
EndProject
Global
	GlobalSection(SolutionConfigurationPlatforms) = preSolution
		Debug|Any CPU = Debug|Any CPU
		Release|Any CPU = Release|Any CPU
	EndGlobalSection
	GlobalSection(ProjectConfigurationPlatforms) = postSolution
		{7DBE5BF7-18EA-4D77-9A35-C7012E4ECB9B}.Debug|Any CPU.ActiveCfg = Debug|Any CPU
		{7DBE5BF7-18EA-4D77-9A35-C7012E4ECB9B}.Debug|Any CPU.Build.0 = Debug|Any CPU
		{7DBE5BF7-18EA-4D77-9A35-C7012E4ECB9B}.Release|Any CPU.ActiveCfg = Release|Any CPU
		{7DBE5BF7-18EA-4D77-9A35-C7012E4ECB9B}.Release|Any CPU.Build.0 = Release|Any CPU
	EndGlobalSection
	GlobalSection(SolutionProperties) = preSolution
		HideSolutionNode = FALSE
	EndGlobalSection
	GlobalSection(ExtensibilityGlobals) = postSolution
		SolutionGuid = {B4DB72C6-F605-4E63-BACE-D2101F3C81E9}
	EndGlobalSection
EndGlobal
